// !$*UTF8*$!
{
	archiveVersion = 1;
	classes = {
	};
	objectVersion = 46;
	objects = {

/* Begin PBXBuildFile section */
		F93DCCB219818B88002B4392 /* Foundation.framework in Frameworks */ = {isa = PBXBuildFile; fileRef = F93DCCB119818B88002B4392 /* Foundation.framework */; };
		F93DCCB419818B88002B4392 /* CoreGraphics.framework in Frameworks */ = {isa = PBXBuildFile; fileRef = F93DCCB319818B88002B4392 /* CoreGraphics.framework */; };
		F93DCCB619818B88002B4392 /* UIKit.framework in Frameworks */ = {isa = PBXBuildFile; fileRef = F93DCCB519818B88002B4392 /* UIKit.framework */; };
		F93DCCBC19818B89002B4392 /* InfoPlist.strings in Resources */ = {isa = PBXBuildFile; fileRef = F93DCCBA19818B89002B4392 /* InfoPlist.strings */; };
		F93DCCBE19818B89002B4392 /* main.m in Sources */ = {isa = PBXBuildFile; fileRef = F93DCCBD19818B89002B4392 /* main.m */; };
		F93DCCC219818B89002B4392 /* AppDelegate.m in Sources */ = {isa = PBXBuildFile; fileRef = F93DCCC119818B89002B4392 /* AppDelegate.m */; };
		F93DCCC519818B89002B4392 /* Main.storyboard in Resources */ = {isa = PBXBuildFile; fileRef = F93DCCC319818B89002B4392 /* Main.storyboard */; };
		F93DCCC819818B89002B4392 /* ViewController.m in Sources */ = {isa = PBXBuildFile; fileRef = F93DCCC719818B89002B4392 /* ViewController.m */; };
		F93DCCCA19818B89002B4392 /* Images.xcassets in Resources */ = {isa = PBXBuildFile; fileRef = F93DCCC919818B89002B4392 /* Images.xcassets */; };
		F93DCCD119818B89002B4392 /* XCTest.framework in Frameworks */ = {isa = PBXBuildFile; fileRef = F93DCCD019818B89002B4392 /* XCTest.framework */; };
		F93DCCD219818B89002B4392 /* Foundation.framework in Frameworks */ = {isa = PBXBuildFile; fileRef = F93DCCB119818B88002B4392 /* Foundation.framework */; };
		F93DCCD319818B89002B4392 /* UIKit.framework in Frameworks */ = {isa = PBXBuildFile; fileRef = F93DCCB519818B88002B4392 /* UIKit.framework */; };
		F93DCCDB19818B89002B4392 /* InfoPlist.strings in Resources */ = {isa = PBXBuildFile; fileRef = F93DCCD919818B89002B4392 /* InfoPlist.strings */; };
		F93DCCDD19818B89002B4392 /* assessment1Tests.m in Sources */ = {isa = PBXBuildFile; fileRef = F93DCCDC19818B89002B4392 /* assessment1Tests.m */; };
/* End PBXBuildFile section */

/* Begin PBXContainerItemProxy section */
		F93DCCD419818B89002B4392 /* PBXContainerItemProxy */ = {
			isa = PBXContainerItemProxy;
			containerPortal = F93DCCA619818B88002B4392 /* Project object */;
			proxyType = 1;
			remoteGlobalIDString = F93DCCAD19818B88002B4392;
			remoteInfo = assessment1;
		};
/* End PBXContainerItemProxy section */

/* Begin PBXFileReference section */
		F93DCCAE19818B88002B4392 /* assessment1.app */ = {isa = PBXFileReference; explicitFileType = wrapper.application; includeInIndex = 0; path = assessment1.app; sourceTree = BUILT_PRODUCTS_DIR; };
		F93DCCB119818B88002B4392 /* Foundation.framework */ = {isa = PBXFileReference; lastKnownFileType = wrapper.framework; name = Foundation.framework; path = System/Library/Frameworks/Foundation.framework; sourceTree = SDKROOT; };
		F93DCCB319818B88002B4392 /* CoreGraphics.framework */ = {isa = PBXFileReference; lastKnownFileType = wrapper.framework; name = CoreGraphics.framework; path = System/Library/Frameworks/CoreGraphics.framework; sourceTree = SDKROOT; };
		F93DCCB519818B88002B4392 /* UIKit.framework */ = {isa = PBXFileReference; lastKnownFileType = wrapper.framework; name = UIKit.framework; path = System/Library/Frameworks/UIKit.framework; sourceTree = SDKROOT; };
		F93DCCB919818B89002B4392 /* assessment1-Info.plist */ = {isa = PBXFileReference; lastKnownFileType = text.plist.xml; path = "assessment1-Info.plist"; sourceTree = "<group>"; };
		F93DCCBB19818B89002B4392 /* en */ = {isa = PBXFileReference; lastKnownFileType = text.plist.strings; name = en; path = en.lproj/InfoPlist.strings; sourceTree = "<group>"; };
		F93DCCBD19818B89002B4392 /* main.m */ = {isa = PBXFileReference; lastKnownFileType = sourcecode.c.objc; path = main.m; sourceTree = "<group>"; };
		F93DCCBF19818B89002B4392 /* assessment1-Prefix.pch */ = {isa = PBXFileReference; lastKnownFileType = sourcecode.c.h; path = "assessment1-Prefix.pch"; sourceTree = "<group>"; };
		F93DCCC019818B89002B4392 /* AppDelegate.h */ = {isa = PBXFileReference; lastKnownFileType = sourcecode.c.h; path = AppDelegate.h; sourceTree = "<group>"; };
		F93DCCC119818B89002B4392 /* AppDelegate.m */ = {isa = PBXFileReference; lastKnownFileType = sourcecode.c.objc; path = AppDelegate.m; sourceTree = "<group>"; };
		F93DCCC419818B89002B4392 /* Base */ = {isa = PBXFileReference; lastKnownFileType = file.storyboard; name = Base; path = Base.lproj/Main.storyboard; sourceTree = "<group>"; };
		F93DCCC619818B89002B4392 /* ViewController.h */ = {isa = PBXFileReference; lastKnownFileType = sourcecode.c.h; path = ViewController.h; sourceTree = "<group>"; };
		F93DCCC719818B89002B4392 /* ViewController.m */ = {isa = PBXFileReference; lastKnownFileType = sourcecode.c.objc; path = ViewController.m; sourceTree = "<group>"; };
		F93DCCC919818B89002B4392 /* Images.xcassets */ = {isa = PBXFileReference; lastKnownFileType = folder.assetcatalog; path = Images.xcassets; sourceTree = "<group>"; };
		F93DCCCF19818B89002B4392 /* assessment1Tests.xctest */ = {isa = PBXFileReference; explicitFileType = wrapper.cfbundle; includeInIndex = 0; path = assessment1Tests.xctest; sourceTree = BUILT_PRODUCTS_DIR; };
		F93DCCD019818B89002B4392 /* XCTest.framework */ = {isa = PBXFileReference; lastKnownFileType = wrapper.framework; name = XCTest.framework; path = Library/Frameworks/XCTest.framework; sourceTree = DEVELOPER_DIR; };
		F93DCCD819818B89002B4392 /* assessment1Tests-Info.plist */ = {isa = PBXFileReference; lastKnownFileType = text.plist.xml; path = "assessment1Tests-Info.plist"; sourceTree = "<group>"; };
		F93DCCDA19818B89002B4392 /* en */ = {isa = PBXFileReference; lastKnownFileType = text.plist.strings; name = en; path = en.lproj/InfoPlist.strings; sourceTree = "<group>"; };
		F93DCCDC19818B89002B4392 /* assessment1Tests.m */ = {isa = PBXFileReference; lastKnownFileType = sourcecode.c.objc; path = assessment1Tests.m; sourceTree = "<group>"; };
/* End PBXFileReference section */

/* Begin PBXFrameworksBuildPhase section */
		F93DCCAB19818B88002B4392 /* Frameworks */ = {
			isa = PBXFrameworksBuildPhase;
			buildActionMask = 2147483647;
			files = (
				F93DCCB419818B88002B4392 /* CoreGraphics.framework in Frameworks */,
				F93DCCB619818B88002B4392 /* UIKit.framework in Frameworks */,
				F93DCCB219818B88002B4392 /* Foundation.framework in Frameworks */,
			);
			runOnlyForDeploymentPostprocessing = 0;
		};
		F93DCCCC19818B89002B4392 /* Frameworks */ = {
			isa = PBXFrameworksBuildPhase;
			buildActionMask = 2147483647;
			files = (
				F93DCCD119818B89002B4392 /* XCTest.framework in Frameworks */,
				F93DCCD319818B89002B4392 /* UIKit.framework in Frameworks */,
				F93DCCD219818B89002B4392 /* Foundation.framework in Frameworks */,
			);
			runOnlyForDeploymentPostprocessing = 0;
		};
/* End PBXFrameworksBuildPhase section */

/* Begin PBXGroup section */
		F93DCCA519818B88002B4392 = {
			isa = PBXGroup;
			children = (
				F93DCCB719818B89002B4392 /* assessment1 */,
				F93DCCD619818B89002B4392 /* assessment1Tests */,
				F93DCCB019818B88002B4392 /* Frameworks */,
				F93DCCAF19818B88002B4392 /* Products */,
			);
			sourceTree = "<group>";
		};
		F93DCCAF19818B88002B4392 /* Products */ = {
			isa = PBXGroup;
			children = (
				F93DCCAE19818B88002B4392 /* assessment1.app */,
				F93DCCCF19818B89002B4392 /* assessment1Tests.xctest */,
			);
			name = Products;
			sourceTree = "<group>";
		};
		F93DCCB019818B88002B4392 /* Frameworks */ = {
			isa = PBXGroup;
			children = (
				F93DCCB119818B88002B4392 /* Foundation.framework */,
				F93DCCB319818B88002B4392 /* CoreGraphics.framework */,
				F93DCCB519818B88002B4392 /* UIKit.framework */,
				F93DCCD019818B89002B4392 /* XCTest.framework */,
			);
			name = Frameworks;
			sourceTree = "<group>";
		};
		F93DCCB719818B89002B4392 /* assessment1 */ = {
			isa = PBXGroup;
			children = (
				F93DCCC019818B89002B4392 /* AppDelegate.h */,
				F93DCCC119818B89002B4392 /* AppDelegate.m */,
				F93DCCC319818B89002B4392 /* Main.storyboard */,
				F93DCCC619818B89002B4392 /* ViewController.h */,
				F93DCCC719818B89002B4392 /* ViewController.m */,
				F93DCCC919818B89002B4392 /* Images.xcassets */,
				F93DCCB819818B89002B4392 /* Supporting Files */,
			);
			path = assessment1;
			sourceTree = "<group>";
		};
		F93DCCB819818B89002B4392 /* Supporting Files */ = {
			isa = PBXGroup;
			children = (
				F93DCCB919818B89002B4392 /* assessment1-Info.plist */,
				F93DCCBA19818B89002B4392 /* InfoPlist.strings */,
				F93DCCBD19818B89002B4392 /* main.m */,
				F93DCCBF19818B89002B4392 /* assessment1-Prefix.pch */,
			);
			name = "Supporting Files";
			sourceTree = "<group>";
		};
		F93DCCD619818B89002B4392 /* assessment1Tests */ = {
			isa = PBXGroup;
			children = (
				F93DCCDC19818B89002B4392 /* assessment1Tests.m */,
				F93DCCD719818B89002B4392 /* Supporting Files */,
			);
			path = assessment1Tests;
			sourceTree = "<group>";
		};
		F93DCCD719818B89002B4392 /* Supporting Files */ = {
			isa = PBXGroup;
			children = (
				F93DCCD819818B89002B4392 /* assessment1Tests-Info.plist */,
				F93DCCD919818B89002B4392 /* InfoPlist.strings */,
			);
			name = "Supporting Files";
			sourceTree = "<group>";
		};
/* End PBXGroup section */

/* Begin PBXNativeTarget section */
		F93DCCAD19818B88002B4392 /* assessment1 */ = {
			isa = PBXNativeTarget;
			buildConfigurationList = F93DCCE019818B89002B4392 /* Build configuration list for PBXNativeTarget "assessment1" */;
			buildPhases = (
				F93DCCAA19818B88002B4392 /* Sources */,
				F93DCCAB19818B88002B4392 /* Frameworks */,
				F93DCCAC19818B88002B4392 /* Resources */,
			);
			buildRules = (
			);
			dependencies = (
			);
			name = assessment1;
			productName = assessment1;
			productReference = F93DCCAE19818B88002B4392 /* assessment1.app */;
			productType = "com.apple.product-type.application";
		};
		F93DCCCE19818B89002B4392 /* assessment1Tests */ = {
			isa = PBXNativeTarget;
			buildConfigurationList = F93DCCE319818B89002B4392 /* Build configuration list for PBXNativeTarget "assessment1Tests" */;
			buildPhases = (
				F93DCCCB19818B89002B4392 /* Sources */,
				F93DCCCC19818B89002B4392 /* Frameworks */,
				F93DCCCD19818B89002B4392 /* Resources */,
			);
			buildRules = (
			);
			dependencies = (
				F93DCCD519818B89002B4392 /* PBXTargetDependency */,
			);
			name = assessment1Tests;
			productName = assessment1Tests;
			productReference = F93DCCCF19818B89002B4392 /* assessment1Tests.xctest */;
			productType = "com.apple.product-type.bundle.unit-test";
		};
/* End PBXNativeTarget section */

/* Begin PBXProject section */
		F93DCCA619818B88002B4392 /* Project object */ = {
			isa = PBXProject;
			attributes = {
				LastUpgradeCheck = 0510;
				ORGANIZATIONNAME = "___FULLUSERNAME___";
				TargetAttributes = {
					F93DCCCE19818B89002B4392 = {
						TestTargetID = F93DCCAD19818B88002B4392;
					};
				};
			};
			buildConfigurationList = F93DCCA919818B88002B4392 /* Build configuration list for PBXProject "assessment1" */;
			compatibilityVersion = "Xcode 3.2";
			developmentRegion = English;
			hasScannedForEncodings = 0;
			knownRegions = (
				en,
				Base,
			);
			mainGroup = F93DCCA519818B88002B4392;
			productRefGroup = F93DCCAF19818B88002B4392 /* Products */;
			projectDirPath = "";
			projectRoot = "";
			targets = (
				F93DCCAD19818B88002B4392 /* assessment1 */,
				F93DCCCE19818B89002B4392 /* assessment1Tests */,
			);
		};
/* End PBXProject section */

/* Begin PBXResourcesBuildPhase section */
		F93DCCAC19818B88002B4392 /* Resources */ = {
			isa = PBXResourcesBuildPhase;
			buildActionMask = 2147483647;
			files = (
				F93DCCCA19818B89002B4392 /* Images.xcassets in Resources */,
				F93DCCBC19818B89002B4392 /* InfoPlist.strings in Resources */,
				F93DCCC519818B89002B4392 /* Main.storyboard in Resources */,
			);
			runOnlyForDeploymentPostprocessing = 0;
		};
		F93DCCCD19818B89002B4392 /* Resources */ = {
			isa = PBXResourcesBuildPhase;
			buildActionMask = 2147483647;
			files = (
				F93DCCDB19818B89002B4392 /* InfoPlist.strings in Resources */,
			);
			runOnlyForDeploymentPostprocessing = 0;
		};
/* End PBXResourcesBuildPhase section */

/* Begin PBXSourcesBuildPhase section */
		F93DCCAA19818B88002B4392 /* Sources */ = {
			isa = PBXSourcesBuildPhase;
			buildActionMask = 2147483647;
			files = (
				F93DCCC819818B89002B4392 /* ViewController.m in Sources */,
				F93DCCC219818B89002B4392 /* AppDelegate.m in Sources */,
				F93DCCBE19818B89002B4392 /* main.m in Sources */,
			);
			runOnlyForDeploymentPostprocessing = 0;
		};
		F93DCCCB19818B89002B4392 /* Sources */ = {
			isa = PBXSourcesBuildPhase;
			buildActionMask = 2147483647;
			files = (
				F93DCCDD19818B89002B4392 /* assessment1Tests.m in Sources */,
			);
			runOnlyForDeploymentPostprocessing = 0;
		};
/* End PBXSourcesBuildPhase section */

/* Begin PBXTargetDependency section */
		F93DCCD519818B89002B4392 /* PBXTargetDependency */ = {
			isa = PBXTargetDependency;
			target = F93DCCAD19818B88002B4392 /* assessment1 */;
			targetProxy = F93DCCD419818B89002B4392 /* PBXContainerItemProxy */;
		};
/* End PBXTargetDependency section */

/* Begin PBXVariantGroup section */
		F93DCCBA19818B89002B4392 /* InfoPlist.strings */ = {
			isa = PBXVariantGroup;
			children = (
				F93DCCBB19818B89002B4392 /* en */,
			);
			name = InfoPlist.strings;
			sourceTree = "<group>";
		};
		F93DCCC319818B89002B4392 /* Main.storyboard */ = {
			isa = PBXVariantGroup;
			children = (
				F93DCCC419818B89002B4392 /* Base */,
			);
			name = Main.storyboard;
			sourceTree = "<group>";
		};
		F93DCCD919818B89002B4392 /* InfoPlist.strings */ = {
			isa = PBXVariantGroup;
			children = (
				F93DCCDA19818B89002B4392 /* en */,
			);
			name = InfoPlist.strings;
			sourceTree = "<group>";
		};
/* End PBXVariantGroup section */

/* Begin XCBuildConfiguration section */
		F93DCCDE19818B89002B4392 /* Debug */ = {
			isa = XCBuildConfiguration;
			buildSettings = {
				ALWAYS_SEARCH_USER_PATHS = NO;
				CLANG_CXX_LANGUAGE_STANDARD = "gnu++0x";
				CLANG_CXX_LIBRARY = "libc++";
				CLANG_ENABLE_MODULES = YES;
				CLANG_ENABLE_OBJC_ARC = YES;
				CLANG_WARN_BOOL_CONVERSION = YES;
				CLANG_WARN_CONSTANT_CONVERSION = YES;
				CLANG_WARN_DIRECT_OBJC_ISA_USAGE = YES_ERROR;
				CLANG_WARN_EMPTY_BODY = YES;
				CLANG_WARN_ENUM_CONVERSION = YES;
				CLANG_WARN_INT_CONVERSION = YES;
				CLANG_WARN_OBJC_ROOT_CLASS = YES_ERROR;
				CLANG_WARN__DUPLICATE_METHOD_MATCH = YES;
				"CODE_SIGN_IDENTITY[sdk=iphoneos*]" = "iPhone Developer";
				COPY_PHASE_STRIP = NO;
				GCC_C_LANGUAGE_STANDARD = gnu99;
				GCC_DYNAMIC_NO_PIC = NO;
				GCC_OPTIMIZATION_LEVEL = 0;
				GCC_PREPROCESSOR_DEFINITIONS = (
					"DEBUG=1",
					"$(inherited)",
				);
				GCC_SYMBOLS_PRIVATE_EXTERN = NO;
				GCC_WARN_64_TO_32_BIT_CONVERSION = YES;
				GCC_WARN_ABOUT_RETURN_TYPE = YES_ERROR;
				GCC_WARN_UNDECLARED_SELECTOR = YES;
				GCC_WARN_UNINITIALIZED_AUTOS = YES_AGGRESSIVE;
				GCC_WARN_UNUSED_FUNCTION = YES;
				GCC_WARN_UNUSED_VARIABLE = YES;
				IPHONEOS_DEPLOYMENT_TARGET = 7.1;
				ONLY_ACTIVE_ARCH = YES;
				SDKROOT = iphoneos;
			};
			name = Debug;
		};
		F93DCCDF19818B89002B4392 /* Release */ = {
			isa = XCBuildConfiguration;
			buildSettings = {
				ALWAYS_SEARCH_USER_PATHS = NO;
				CLANG_CXX_LANGUAGE_STANDARD = "gnu++0x";
				CLANG_CXX_LIBRARY = "libc++";
				CLANG_ENABLE_MODULES = YES;
				CLANG_ENABLE_OBJC_ARC = YES;
				CLANG_WARN_BOOL_CONVERSION = YES;
				CLANG_WARN_CONSTANT_CONVERSION = YES;
				CLANG_WARN_DIRECT_OBJC_ISA_USAGE = YES_ERROR;
				CLANG_WARN_EMPTY_BODY = YES;
				CLANG_WARN_ENUM_CONVERSION = YES;
				CLANG_WARN_INT_CONVERSION = YES;
				CLANG_WARN_OBJC_ROOT_CLASS = YES_ERROR;
				CLANG_WARN__DUPLICATE_METHOD_MATCH = YES;
				"CODE_SIGN_IDENTITY[sdk=iphoneos*]" = "iPhone Developer";
				COPY_PHASE_STRIP = YES;
				ENABLE_NS_ASSERTIONS = NO;
				GCC_C_LANGUAGE_STANDARD = gnu99;
				GCC_WARN_64_TO_32_BIT_CONVERSION = YES;
				GCC_WARN_ABOUT_RETURN_TYPE = YES_ERROR;
				GCC_WARN_UNDECLARED_SELECTOR = YES;
				GCC_WARN_UNINITIALIZED_AUTOS = YES_AGGRESSIVE;
				GCC_WARN_UNUSED_FUNCTION = YES;
				GCC_WARN_UNUSED_VARIABLE = YES;
				IPHONEOS_DEPLOYMENT_TARGET = 7.1;
				SDKROOT = iphoneos;
				VALIDATE_PRODUCT = YES;
			};
			name = Release;
		};
		F93DCCE119818B89002B4392 /* Debug */ = {
			isa = XCBuildConfiguration;
			buildSettings = {
				ASSETCATALOG_COMPILER_APPICON_NAME = AppIcon;
				ASSETCATALOG_COMPILER_LAUNCHIMAGE_NAME = LaunchImage;
				GCC_PRECOMPILE_PREFIX_HEADER = YES;
				GCC_PREFIX_HEADER = "assessment1/assessment1-Prefix.pch";
				INFOPLIST_FILE = "assessment1/assessment1-Info.plist";
				PRODUCT_NAME = "$(TARGET_NAME)";
				WRAPPER_EXTENSION = app;
			};
			name = Debug;
		};
		F93DCCE219818B89002B4392 /* Release */ = {
			isa = XCBuildConfiguration;
			buildSettings = {
				ASSETCATALOG_COMPILER_APPICON_NAME = AppIcon;
				ASSETCATALOG_COMPILER_LAUNCHIMAGE_NAME = LaunchImage;
				GCC_PRECOMPILE_PREFIX_HEADER = YES;
				GCC_PREFIX_HEADER = "assessment1/assessment1-Prefix.pch";
				INFOPLIST_FILE = "assessment1/assessment1-Info.plist";
				PRODUCT_NAME = "$(TARGET_NAME)";
				WRAPPER_EXTENSION = app;
			};
			name = Release;
		};
		F93DCCE419818B89002B4392 /* Debug */ = {
			isa = XCBuildConfiguration;
			buildSettings = {
				BUNDLE_LOADER = "$(BUILT_PRODUCTS_DIR)/assessment1.app/assessment1";
				FRAMEWORK_SEARCH_PATHS = (
					"$(SDKROOT)/Developer/Library/Frameworks",
					"$(inherited)",
					"$(DEVELOPER_FRAMEWORKS_DIR)",
				);
				GCC_PRECOMPILE_PREFIX_HEADER = YES;
				GCC_PREFIX_HEADER = "assessment1/assessment1-Prefix.pch";
				GCC_PREPROCESSOR_DEFINITIONS = (
					"DEBUG=1",
					"$(inherited)",
				);
				INFOPLIST_FILE = "assessment1Tests/assessment1Tests-Info.plist";
				PRODUCT_NAME = "$(TARGET_NAME)";
				TEST_HOST = "$(BUNDLE_LOADER)";
				WRAPPER_EXTENSION = xctest;
			};
			name = Debug;
		};
		F93DCCE519818B89002B4392 /* Release */ = {
			isa = XCBuildConfiguration;
			buildSettings = {
				BUNDLE_LOADER = "$(BUILT_PRODUCTS_DIR)/assessment1.app/assessment1";
				FRAMEWORK_SEARCH_PATHS = (
					"$(SDKROOT)/Developer/Library/Frameworks",
					"$(inherited)",
					"$(DEVELOPER_FRAMEWORKS_DIR)",
				);
				GCC_PRECOMPILE_PREFIX_HEADER = YES;
				GCC_PREFIX_HEADER = "assessment1/assessment1-Prefix.pch";
				INFOPLIST_FILE = "assessment1Tests/assessment1Tests-Info.plist";
				PRODUCT_NAME = "$(TARGET_NAME)";
				TEST_HOST = "$(BUNDLE_LOADER)";
				WRAPPER_EXTENSION = xctest;
			};
			name = Release;
		};
/* End XCBuildConfiguration section */

/* Begin XCConfigurationList section */
		F93DCCA919818B88002B4392 /* Build configuration list for PBXProject "assessment1" */ = {
			isa = XCConfigurationList;
			buildConfigurations = (
				F93DCCDE19818B89002B4392 /* Debug */,
				F93DCCDF19818B89002B4392 /* Release */,
			);
			defaultConfigurationIsVisible = 0;
			defaultConfigurationName = Release;
		};
		F93DCCE019818B89002B4392 /* Build configuration list for PBXNativeTarget "assessment1" */ = {
			isa = XCConfigurationList;
			buildConfigurations = (
				F93DCCE119818B89002B4392 /* Debug */,
				F93DCCE219818B89002B4392 /* Release */,
			);
			defaultConfigurationIsVisible = 0;
		};
		F93DCCE319818B89002B4392 /* Build configuration list for PBXNativeTarget "assessment1Tests" */ = {
			isa = XCConfigurationList;
			buildConfigurations = (
				F93DCCE419818B89002B4392 /* Debug */,
				F93DCCE519818B89002B4392 /* Release */,
			);
			defaultConfigurationIsVisible = 0;
		};
/* End XCConfigurationList section */
	};
	rootObject = F93DCCA619818B88002B4392 /* Project object */;
}
